
Microsoft Visual Studio Solution File, Format Version 12.00
# Visual Studio Version 17
VisualStudioVersion = 17.4.33205.214
MinimumVisualStudioVersion = 10.0.40219.1
Project("{FAE04EC0-301F-11D3-BF4B-00C04F79EFBC}") = "eTickets", "eTickets\eTickets.csproj", "{241B20E0-2B03-4AAF-BDBF-9C9DCA7D2A01}"
EndProject
Global
	GlobalSection(SolutionConfigurationPlatforms) = preSolution
		Debug|Any CPU = Debug|Any CPU
		Release|Any CPU = Release|Any CPU
	EndGlobalSection
	GlobalSection(ProjectConfigurationPlatforms) = postSolution
		{241B20E0-2B03-4AAF-BDBF-9C9DCA7D2A01}.Debug|Any CPU.ActiveCfg = Debug|Any CPU
		{241B20E0-2B03-4AAF-BDBF-9C9DCA7D2A01}.Debug|Any CPU.Build.0 = Debug|Any CPU
		{241B20E0-2B03-4AAF-BDBF-9C9DCA7D2A01}.Release|Any CPU.ActiveCfg = Release|Any CPU
		{241B20E0-2B03-4AAF-BDBF-9C9DCA7D2A01}.Release|Any CPU.Build.0 = Release|Any CPU
	EndGlobalSection
	GlobalSection(SolutionProperties) = preSolution
		HideSolutionNode = FALSE
	EndGlobalSection
	GlobalSection(ExtensibilityGlobals) = postSolution
		SolutionGuid = {4256911E-27EF-49D6-AA62-7688CF4BF903}
	EndGlobalSection
EndGlobal
